
Microsoft Visual Studio Solution File, Format Version 12.00
# Visual Studio Version 17
VisualStudioVersion = 17.10.35013.160
MinimumVisualStudioVersion = 10.0.40219.1
Project("{FAE04EC0-301F-11D3-BF4B-00C04F79EFBC}") = "HRManagementApp", "HRManagementApp\HRManagementApp.csproj", "{7B4CBE64-6E5F-4E62-B285-864191045BE8}"
EndProject
Global
	GlobalSection(SolutionConfigurationPlatforms) = preSolution
		Debug|Any CPU = Debug|Any CPU
		Release|Any CPU = Release|Any CPU
	EndGlobalSection
	GlobalSection(ProjectConfigurationPlatforms) = postSolution
		{7B4CBE64-6E5F-4E62-B285-864191045BE8}.Debug|Any CPU.ActiveCfg = Debug|Any CPU
		{7B4CBE64-6E5F-4E62-B285-864191045BE8}.Debug|Any CPU.Build.0 = Debug|Any CPU
		{7B4CBE64-6E5F-4E62-B285-864191045BE8}.Release|Any CPU.ActiveCfg = Release|Any CPU
		{7B4CBE64-6E5F-4E62-B285-864191045BE8}.Release|Any CPU.Build.0 = Release|Any CPU
	EndGlobalSection
	GlobalSection(SolutionProperties) = preSolution
		HideSolutionNode = FALSE
	EndGlobalSection
	GlobalSection(ExtensibilityGlobals) = postSolution
		SolutionGuid = {6E0B05F7-DC51-4EC9-A4F0-B50A3B9C9F3B}
	EndGlobalSection
EndGlobal
